{
  "requires": true,
  "lockfileVersion": 1,
  "dependencies": {
    "@types/prop-types": {
      "version": "15.7.3",
      "resolved": "https://registry.npmjs.org/@types/prop-types/-/prop-types-15.7.3.tgz",
      "integrity": "sha512-KfRL3PuHmqQLOG+2tGpRO26Ctg+Cq1E01D2DMriKEATHgWLfeNDmq9e29Q9WIky0dQ3NPkd1mzYH8Lm936Z9qw=="
    },
    "@types/react": {
      "version": "16.9.50",
      "resolved": "https://registry.npmjs.org/@types/react/-/react-16.9.50.tgz",
      "integrity": "sha512-kPx5YsNnKDJejTk1P+lqThwxN2PczrocwsvqXnjvVvKpFescoY62ZiM3TV7dH1T8lFhlHZF+PE5xUyimUwqEGA==",
      "requires": {
        "@types/prop-types": "*",
        "csstype": "^3.0.2"
      }
    },
    "@types/react-infinite-scroller": {
      "version": "1.2.1",
      "resolved": "https://registry.npmjs.org/@types/react-infinite-scroller/-/react-infinite-scroller-1.2.1.tgz",
      "integrity": "sha512-64bpbqdSgtmy1zSZ2AQoFzguwZO7TyKjqJRTEnfNMCAQbnrX90kz+rYufZyY9CmzhwpXMwRO8xR9fMQnbYUkgQ==",
      "requires": {
        "@types/react": "*"
      }
    },
    "cropperjs": {
      "version": "1.5.9",
      "resolved": "https://registry.npmjs.org/cropperjs/-/cropperjs-1.5.9.tgz",
      "integrity": "sha512-aPWlg43sLIcYN4GBXIdyvM09wNPgn1ug+vNVwV8jlb3dbgEX/B34Iw6hrjGSajkUDQBmaCi6uPOevFb7N0yUsw=="
    },
    "csstype": {
      "version": "3.0.3",
      "resolved": "https://registry.npmjs.org/csstype/-/csstype-3.0.3.tgz",
      "integrity": "sha512-jPl+wbWPOWJ7SXsWyqGRk3lGecbar0Cb0OvZF/r/ZU011R4YqiRehgkQ9p4eQfo9DSDLqLL3wHwfxeJiuIsNag=="
    },
    "js-tokens": {
      "version": "4.0.0",
      "resolved": "https://registry.npmjs.org/js-tokens/-/js-tokens-4.0.0.tgz",
      "integrity": "sha512-RdJUflcE3cUzKiMqQgsCu06FPu9UdIJO0beYbPhHN4k6apgJtifcoCtT9bcxOpYBtpD2kCM6Sbzg4CausW/PKQ=="
    },
    "loose-envify": {
      "version": "1.4.0",
      "resolved": "https://registry.npmjs.org/loose-envify/-/loose-envify-1.4.0.tgz",
      "integrity": "sha512-lyuxPGr/Wfhrlem2CL/UcnUc1zcqKAImBDzukY7Y5F/yQiNdko6+fRLevlw1HgMySw7f611UIY408EtxRSoK3Q==",
      "requires": {
        "js-tokens": "^3.0.0 || ^4.0.0"
      }
    },
    "object-assign": {
      "version": "4.1.1",
      "resolved": "https://registry.npmjs.org/object-assign/-/object-assign-4.1.1.tgz",
      "integrity": "sha1-IQmtx5ZYh8/AXLvUQsrIv7s2CGM="
    },
    "prop-types": {
      "version": "15.7.2",
      "resolved": "https://registry.npmjs.org/prop-types/-/prop-types-15.7.2.tgz",
      "integrity": "sha512-8QQikdH7//R2vurIJSutZ1smHYTcLpRWEOlHnzcWHmBYrOGUysKwSsrC89BCiFj3CbrfJ/nXFdJepOVrY1GCHQ==",
      "requires": {
        "loose-envify": "^1.4.0",
        "object-assign": "^4.1.1",
        "react-is": "^16.8.1"
      }
    },
    "react-infinite-scroller": {
      "version": "1.2.4",
      "resolved": "https://registry.npmjs.org/react-infinite-scroller/-/react-infinite-scroller-1.2.4.tgz",
      "integrity": "sha512-/oOa0QhZjXPqaD6sictN2edFMsd3kkMiE19Vcz5JDgHpzEJVqYcmq+V3mkwO88087kvKGe1URNksHEOt839Ubw==",
      "requires": {
        "prop-types": "^15.5.8"
      }
    },
    "react-is": {
      "version": "16.13.1",
      "resolved": "https://registry.npmjs.org/react-is/-/react-is-16.13.1.tgz",
      "integrity": "sha512-24e6ynE2H+OKt4kqsOvNd8kBpV65zoxbA4BVsEOB3ARVWQki/DHzaUoC5KuON/BiccDaCCTZBuOcfZs70kR8bQ=="
    }
  }
}
