
Microsoft Visual Studio Solution File, Format Version 12.00
# Visual Studio Version 16
VisualStudioVersion = 16.0.30320.27
MinimumVisualStudioVersion = 10.0.40219.1
Project("{9A19103F-16F7-4668-BE54-9A1E7A4F7556}") = "Domain", "Domain\Domain.csproj", "{C9419AF1-0D3B-4E70-8F4C-01099668AA7C}"
EndProject
Project("{9A19103F-16F7-4668-BE54-9A1E7A4F7556}") = "Application", "Application\Application.csproj", "{FF2F2F21-1F86-4EBA-B006-3AC2C12D696A}"
EndProject
Project("{9A19103F-16F7-4668-BE54-9A1E7A4F7556}") = "Persistence", "Persistence\Persistence.csproj", "{93CE2FD7-C8F6-4282-9E06-681A62BAAC84}"
EndProject
Project("{9A19103F-16F7-4668-BE54-9A1E7A4F7556}") = "API", "API\API.csproj", "{DDB86C94-2074-40BA-879D-3554703BF9D9}"
EndProject
Project("{FAE04EC0-301F-11D3-BF4B-00C04F79EFBC}") = "Infrastructure", "Infrastructure\Infrastructure.csproj", "{E121A891-8900-4D3A-B0BE-B83CF5198CD2}"
EndProject
Global
	GlobalSection(SolutionConfigurationPlatforms) = preSolution
		Debug|Any CPU = Debug|Any CPU
		Release|Any CPU = Release|Any CPU
	EndGlobalSection
	GlobalSection(ProjectConfigurationPlatforms) = postSolution
		{C9419AF1-0D3B-4E70-8F4C-01099668AA7C}.Debug|Any CPU.ActiveCfg = Debug|Any CPU
		{C9419AF1-0D3B-4E70-8F4C-01099668AA7C}.Debug|Any CPU.Build.0 = Debug|Any CPU
		{C9419AF1-0D3B-4E70-8F4C-01099668AA7C}.Release|Any CPU.ActiveCfg = Release|Any CPU
		{C9419AF1-0D3B-4E70-8F4C-01099668AA7C}.Release|Any CPU.Build.0 = Release|Any CPU
		{FF2F2F21-1F86-4EBA-B006-3AC2C12D696A}.Debug|Any CPU.ActiveCfg = Debug|Any CPU
		{FF2F2F21-1F86-4EBA-B006-3AC2C12D696A}.Debug|Any CPU.Build.0 = Debug|Any CPU
		{FF2F2F21-1F86-4EBA-B006-3AC2C12D696A}.Release|Any CPU.ActiveCfg = Release|Any CPU
		{FF2F2F21-1F86-4EBA-B006-3AC2C12D696A}.Release|Any CPU.Build.0 = Release|Any CPU
		{93CE2FD7-C8F6-4282-9E06-681A62BAAC84}.Debug|Any CPU.ActiveCfg = Debug|Any CPU
		{93CE2FD7-C8F6-4282-9E06-681A62BAAC84}.Debug|Any CPU.Build.0 = Debug|Any CPU
		{93CE2FD7-C8F6-4282-9E06-681A62BAAC84}.Release|Any CPU.ActiveCfg = Release|Any CPU
		{93CE2FD7-C8F6-4282-9E06-681A62BAAC84}.Release|Any CPU.Build.0 = Release|Any CPU
		{DDB86C94-2074-40BA-879D-3554703BF9D9}.Debug|Any CPU.ActiveCfg = Debug|Any CPU
		{DDB86C94-2074-40BA-879D-3554703BF9D9}.Debug|Any CPU.Build.0 = Debug|Any CPU
		{DDB86C94-2074-40BA-879D-3554703BF9D9}.Release|Any CPU.ActiveCfg = Release|Any CPU
		{DDB86C94-2074-40BA-879D-3554703BF9D9}.Release|Any CPU.Build.0 = Release|Any CPU
		{E121A891-8900-4D3A-B0BE-B83CF5198CD2}.Debug|Any CPU.ActiveCfg = Debug|Any CPU
		{E121A891-8900-4D3A-B0BE-B83CF5198CD2}.Debug|Any CPU.Build.0 = Debug|Any CPU
		{E121A891-8900-4D3A-B0BE-B83CF5198CD2}.Release|Any CPU.ActiveCfg = Release|Any CPU
		{E121A891-8900-4D3A-B0BE-B83CF5198CD2}.Release|Any CPU.Build.0 = Release|Any CPU
	EndGlobalSection
	GlobalSection(SolutionProperties) = preSolution
		HideSolutionNode = FALSE
	EndGlobalSection
	GlobalSection(ExtensibilityGlobals) = postSolution
		SolutionGuid = {C4EF019B-9615-48A1-B826-6F22A2DE4D46}
	EndGlobalSection
EndGlobal
